// !$*UTF8*$!
{
	archiveVersion = 1;
	classes = {
	};
	objectVersion = 56;
	objects = {

/* Begin PBXBuildFile section */
		B57D56292A46193700E455F8 /* CookieClickerApp.swift in Sources */ = {isa = PBXBuildFile; fileRef = B57D56282A46193700E455F8 /* CookieClickerApp.swift */; };
		B57D562B2A46193700E455F8 /* ContentView.swift in Sources */ = {isa = PBXBuildFile; fileRef = B57D562A2A46193700E455F8 /* ContentView.swift */; };
		B57D562D2A46193900E455F8 /* Assets.xcassets in Resources */ = {isa = PBXBuildFile; fileRef = B57D562C2A46193900E455F8 /* Assets.xcassets */; };
		B57D56312A46193900E455F8 /* Preview Assets.xcassets in Resources */ = {isa = PBXBuildFile; fileRef = B57D56302A46193900E455F8 /* Preview Assets.xcassets */; };
		B57D563B2A46193900E455F8 /* CookieClickerTests.swift in Sources */ = {isa = PBXBuildFile; fileRef = B57D563A2A46193900E455F8 /* CookieClickerTests.swift */; };
		B57D56452A46193900E455F8 /* CookieClickerUITests.swift in Sources */ = {isa = PBXBuildFile; fileRef = B57D56442A46193900E455F8 /* CookieClickerUITests.swift */; };
		B57D56472A46193900E455F8 /* CookieClickerUITestsLaunchTests.swift in Sources */ = {isa = PBXBuildFile; fileRef = B57D56462A46193900E455F8 /* CookieClickerUITestsLaunchTests.swift */; };
/* End PBXBuildFile section */

/* Begin PBXContainerItemProxy section */
		B57D56372A46193900E455F8 /* PBXContainerItemProxy */ = {
			isa = PBXContainerItemProxy;
			containerPortal = B57D561D2A46193700E455F8 /* Project object */;
			proxyType = 1;
			remoteGlobalIDString = B57D56242A46193700E455F8;
			remoteInfo = CookieClicker;
		};
		B57D56412A46193900E455F8 /* PBXContainerItemProxy */ = {
			isa = PBXContainerItemProxy;
			containerPortal = B57D561D2A46193700E455F8 /* Project object */;
			proxyType = 1;
			remoteGlobalIDString = B57D56242A46193700E455F8;
			remoteInfo = CookieClicker;
		};
/* End PBXContainerItemProxy section */

/* Begin PBXFileReference section */
		B57D56252A46193700E455F8 /* CookieClicker.app */ = {isa = PBXFileReference; explicitFileType = wrapper.application; includeInIndex = 0; path = CookieClicker.app; sourceTree = BUILT_PRODUCTS_DIR; };
		B57D56282A46193700E455F8 /* CookieClickerApp.swift */ = {isa = PBXFileReference; lastKnownFileType = sourcecode.swift; path = CookieClickerApp.swift; sourceTree = "<group>"; };
		B57D562A2A46193700E455F8 /* ContentView.swift */ = {isa = PBXFileReference; lastKnownFileType = sourcecode.swift; path = ContentView.swift; sourceTree = "<group>"; };
		B57D562C2A46193900E455F8 /* Assets.xcassets */ = {isa = PBXFileReference; lastKnownFileType = folder.assetcatalog; path = Assets.xcassets; sourceTree = "<group>"; };
		B57D562E2A46193900E455F8 /* CookieClicker.entitlements */ = {isa = PBXFileReference; lastKnownFileType = text.plist.entitlements; path = CookieClicker.entitlements; sourceTree = "<group>"; };
		B57D56302A46193900E455F8 /* Preview Assets.xcassets */ = {isa = PBXFileReference; lastKnownFileType = folder.assetcatalog; path = "Preview Assets.xcassets"; sourceTree = "<group>"; };
		B57D56362A46193900E455F8 /* CookieClickerTests.xctest */ = {isa = PBXFileReference; explicitFileType = wrapper.cfbundle; includeInIndex = 0; path = CookieClickerTests.xctest; sourceTree = BUILT_PRODUCTS_DIR; };
		B57D563A2A46193900E455F8 /* CookieClickerTests.swift */ = {isa = PBXFileReference; lastKnownFileType = sourcecode.swift; path = CookieClickerTests.swift; sourceTree = "<group>"; };
		B57D56402A46193900E455F8 /* CookieClickerUITests.xctest */ = {isa = PBXFileReference; explicitFileType = wrapper.cfbundle; includeInIndex = 0; path = CookieClickerUITests.xctest; sourceTree = BUILT_PRODUCTS_DIR; };
		B57D56442A46193900E455F8 /* CookieClickerUITests.swift */ = {isa = PBXFileReference; lastKnownFileType = sourcecode.swift; path = CookieClickerUITests.swift; sourceTree = "<group>"; };
		B57D56462A46193900E455F8 /* CookieClickerUITestsLaunchTests.swift */ = {isa = PBXFileReference; lastKnownFileType = sourcecode.swift; path = CookieClickerUITestsLaunchTests.swift; sourceTree = "<group>"; };
/* End PBXFileReference section */

/* Begin PBXFrameworksBuildPhase section */
		B57D56222A46193700E455F8 /* Frameworks */ = {
			isa = PBXFrameworksBuildPhase;
			buildActionMask = 2147483647;
			files = (
			);
			runOnlyForDeploymentPostprocessing = 0;
		};
		B57D56332A46193900E455F8 /* Frameworks */ = {
			isa = PBXFrameworksBuildPhase;
			buildActionMask = 2147483647;
			files = (
			);
			runOnlyForDeploymentPostprocessing = 0;
		};
		B57D563D2A46193900E455F8 /* Frameworks */ = {
			isa = PBXFrameworksBuildPhase;
			buildActionMask = 2147483647;
			files = (
			);
			runOnlyForDeploymentPostprocessing = 0;
		};
/* End PBXFrameworksBuildPhase section */

/* Begin PBXGroup section */
		B57D561C2A46193700E455F8 = {
			isa = PBXGroup;
			children = (
				B57D56272A46193700E455F8 /* CookieClicker */,
				B57D56392A46193900E455F8 /* CookieClickerTests */,
				B57D56432A46193900E455F8 /* CookieClickerUITests */,
				B57D56262A46193700E455F8 /* Products */,
			);
			sourceTree = "<group>";
		};
		B57D56262A46193700E455F8 /* Products */ = {
			isa = PBXGroup;
			children = (
				B57D56252A46193700E455F8 /* CookieClicker.app */,
				B57D56362A46193900E455F8 /* CookieClickerTests.xctest */,
				B57D56402A46193900E455F8 /* CookieClickerUITests.xctest */,
			);
			name = Products;
			sourceTree = "<group>";
		};
		B57D56272A46193700E455F8 /* CookieClicker */ = {
			isa = PBXGroup;
			children = (
				B57D56282A46193700E455F8 /* CookieClickerApp.swift */,
				B57D562A2A46193700E455F8 /* ContentView.swift */,
				B57D562C2A46193900E455F8 /* Assets.xcassets */,
				B57D562E2A46193900E455F8 /* CookieClicker.entitlements */,
				B57D562F2A46193900E455F8 /* Preview Content */,
			);
			path = CookieClicker;
			sourceTree = "<group>";
		};
		B57D562F2A46193900E455F8 /* Preview Content */ = {
			isa = PBXGroup;
			children = (
				B57D56302A46193900E455F8 /* Preview Assets.xcassets */,
			);
			path = "Preview Content";
			sourceTree = "<group>";
		};
		B57D56392A46193900E455F8 /* CookieClickerTests */ = {
			isa = PBXGroup;
			children = (
				B57D563A2A46193900E455F8 /* CookieClickerTests.swift */,
			);
			path = CookieClickerTests;
			sourceTree = "<group>";
		};
		B57D56432A46193900E455F8 /* CookieClickerUITests */ = {
			isa = PBXGroup;
			children = (
				B57D56442A46193900E455F8 /* CookieClickerUITests.swift */,
				B57D56462A46193900E455F8 /* CookieClickerUITestsLaunchTests.swift */,
			);
			path = CookieClickerUITests;
			sourceTree = "<group>";
		};
/* End PBXGroup section */

/* Begin PBXNativeTarget section */
		B57D56242A46193700E455F8 /* CookieClicker */ = {
			isa = PBXNativeTarget;
			buildConfigurationList = B57D564A2A46193900E455F8 /* Build configuration list for PBXNativeTarget "CookieClicker" */;
			buildPhases = (
				B57D56212A46193700E455F8 /* Sources */,
				B57D56222A46193700E455F8 /* Frameworks */,
				B57D56232A46193700E455F8 /* Resources */,
			);
			buildRules = (
			);
			dependencies = (
			);
			name = CookieClicker;
			productName = CookieClicker;
			productReference = B57D56252A46193700E455F8 /* CookieClicker.app */;
			productType = "com.apple.product-type.application";
		};
		B57D56352A46193900E455F8 /* CookieClickerTests */ = {
			isa = PBXNativeTarget;
			buildConfigurationList = B57D564D2A46193900E455F8 /* Build configuration list for PBXNativeTarget "CookieClickerTests" */;
			buildPhases = (
				B57D56322A46193900E455F8 /* Sources */,
				B57D56332A46193900E455F8 /* Frameworks */,
				B57D56342A46193900E455F8 /* Resources */,
			);
			buildRules = (
			);
			dependencies = (
				B57D56382A46193900E455F8 /* PBXTargetDependency */,
			);
			name = CookieClickerTests;
			productName = CookieClickerTests;
			productReference = B57D56362A46193900E455F8 /* CookieClickerTests.xctest */;
			productType = "com.apple.product-type.bundle.unit-test";
		};
		B57D563F2A46193900E455F8 /* CookieClickerUITests */ = {
			isa = PBXNativeTarget;
			buildConfigurationList = B57D56502A46193900E455F8 /* Build configuration list for PBXNativeTarget "CookieClickerUITests" */;
			buildPhases = (
				B57D563C2A46193900E455F8 /* Sources */,
				B57D563D2A46193900E455F8 /* Frameworks */,
				B57D563E2A46193900E455F8 /* Resources */,
			);
			buildRules = (
			);
			dependencies = (
				B57D56422A46193900E455F8 /* PBXTargetDependency */,
			);
			name = CookieClickerUITests;
			productName = CookieClickerUITests;
			productReference = B57D56402A46193900E455F8 /* CookieClickerUITests.xctest */;
			productType = "com.apple.product-type.bundle.ui-testing";
		};
/* End PBXNativeTarget section */

/* Begin PBXProject section */
		B57D561D2A46193700E455F8 /* Project object */ = {
			isa = PBXProject;
			attributes = {
				BuildIndependentTargetsInParallel = 1;
				LastSwiftUpdateCheck = 1430;
				LastUpgradeCheck = 1430;
				TargetAttributes = {
					B57D56242A46193700E455F8 = {
						CreatedOnToolsVersion = 14.3.1;
					};
					B57D56352A46193900E455F8 = {
						CreatedOnToolsVersion = 14.3.1;
						TestTargetID = B57D56242A46193700E455F8;
					};
					B57D563F2A46193900E455F8 = {
						CreatedOnToolsVersion = 14.3.1;
						TestTargetID = B57D56242A46193700E455F8;
					};
				};
			};
			buildConfigurationList = B57D56202A46193700E455F8 /* Build configuration list for PBXProject "CookieClicker" */;
			compatibilityVersion = "Xcode 14.0";
			developmentRegion = en;
			hasScannedForEncodings = 0;
			knownRegions = (
				en,
				Base,
			);
			mainGroup = B57D561C2A46193700E455F8;
			productRefGroup = B57D56262A46193700E455F8 /* Products */;
			projectDirPath = "";
			projectRoot = "";
			targets = (
				B57D56242A46193700E455F8 /* CookieClicker */,
				B57D56352A46193900E455F8 /* CookieClickerTests */,
				B57D563F2A46193900E455F8 /* CookieClickerUITests */,
			);
		};
/* End PBXProject section */

/* Begin PBXResourcesBuildPhase section */
		B57D56232A46193700E455F8 /* Resources */ = {
			isa = PBXResourcesBuildPhase;
			buildActionMask = 2147483647;
			files = (
				B57D56312A46193900E455F8 /* Preview Assets.xcassets in Resources */,
				B57D562D2A46193900E455F8 /* Assets.xcassets in Resources */,
			);
			runOnlyForDeploymentPostprocessing = 0;
		};
		B57D56342A46193900E455F8 /* Resources */ = {
			isa = PBXResourcesBuildPhase;
			buildActionMask = 2147483647;
			files = (
			);
			runOnlyForDeploymentPostprocessing = 0;
		};
		B57D563E2A46193900E455F8 /* Resources */ = {
			isa = PBXResourcesBuildPhase;
			buildActionMask = 2147483647;
			files = (
			);
			runOnlyForDeploymentPostprocessing = 0;
		};
/* End PBXResourcesBuildPhase section */

/* Begin PBXSourcesBuildPhase section */
		B57D56212A46193700E455F8 /* Sources */ = {
			isa = PBXSourcesBuildPhase;
			buildActionMask = 2147483647;
			files = (
				B57D562B2A46193700E455F8 /* ContentView.swift in Sources */,
				B57D56292A46193700E455F8 /* CookieClickerApp.swift in Sources */,
			);
			runOnlyForDeploymentPostprocessing = 0;
		};
		B57D56322A46193900E455F8 /* Sources */ = {
			isa = PBXSourcesBuildPhase;
			buildActionMask = 2147483647;
			files = (
				B57D563B2A46193900E455F8 /* CookieClickerTests.swift in Sources */,
			);
			runOnlyForDeploymentPostprocessing = 0;
		};
		B57D563C2A46193900E455F8 /* Sources */ = {
			isa = PBXSourcesBuildPhase;
			buildActionMask = 2147483647;
			files = (
				B57D56472A46193900E455F8 /* CookieClickerUITestsLaunchTests.swift in Sources */,
				B57D56452A46193900E455F8 /* CookieClickerUITests.swift in Sources */,
			);
			runOnlyForDeploymentPostprocessing = 0;
		};
/* End PBXSourcesBuildPhase section */

/* Begin PBXTargetDependency section */
		B57D56382A46193900E455F8 /* PBXTargetDependency */ = {
			isa = PBXTargetDependency;
			target = B57D56242A46193700E455F8 /* CookieClicker */;
			targetProxy = B57D56372A46193900E455F8 /* PBXContainerItemProxy */;
		};
		B57D56422A46193900E455F8 /* PBXTargetDependency */ = {
			isa = PBXTargetDependency;
			target = B57D56242A46193700E455F8 /* CookieClicker */;
			targetProxy = B57D56412A46193900E455F8 /* PBXContainerItemProxy */;
		};
/* End PBXTargetDependency section */

/* Begin XCBuildConfiguration section */
		B57D56482A46193900E455F8 /* Debug */ = {
			isa = XCBuildConfiguration;
			buildSettings = {
				ALWAYS_SEARCH_USER_PATHS = NO;
				CLANG_ANALYZER_NONNULL = YES;
				CLANG_ANALYZER_NUMBER_OBJECT_CONVERSION = YES_AGGRESSIVE;
				CLANG_CXX_LANGUAGE_STANDARD = "gnu++20";
				CLANG_ENABLE_MODULES = YES;
				CLANG_ENABLE_OBJC_ARC = YES;
				CLANG_ENABLE_OBJC_WEAK = YES;
				CLANG_WARN_BLOCK_CAPTURE_AUTORELEASING = YES;
				CLANG_WARN_BOOL_CONVERSION = YES;
				CLANG_WARN_COMMA = YES;
				CLANG_WARN_CONSTANT_CONVERSION = YES;
				CLANG_WARN_DEPRECATED_OBJC_IMPLEMENTATIONS = YES;
				CLANG_WARN_DIRECT_OBJC_ISA_USAGE = YES_ERROR;
				CLANG_WARN_DOCUMENTATION_COMMENTS = YES;
				CLANG_WARN_EMPTY_BODY = YES;
				CLANG_WARN_ENUM_CONVERSION = YES;
				CLANG_WARN_INFINITE_RECURSION = YES;
				CLANG_WARN_INT_CONVERSION = YES;
				CLANG_WARN_NON_LITERAL_NULL_CONVERSION = YES;
				CLANG_WARN_OBJC_IMPLICIT_RETAIN_SELF = YES;
				CLANG_WARN_OBJC_LITERAL_CONVERSION = YES;
				CLANG_WARN_OBJC_ROOT_CLASS = YES_ERROR;
				CLANG_WARN_QUOTED_INCLUDE_IN_FRAMEWORK_HEADER = YES;
				CLANG_WARN_RANGE_LOOP_ANALYSIS = YES;
				CLANG_WARN_STRICT_PROTOTYPES = YES;
				CLANG_WARN_SUSPICIOUS_MOVE = YES;
				CLANG_WARN_UNGUARDED_AVAILABILITY = YES_AGGRESSIVE;
				CLANG_WARN_UNREACHABLE_CODE = YES;
				CLANG_WARN__DUPLICATE_METHOD_MATCH = YES;
				COPY_PHASE_STRIP = NO;
				DEBUG_INFORMATION_FORMAT = dwarf;
				ENABLE_STRICT_OBJC_MSGSEND = YES;
				ENABLE_TESTABILITY = YES;
				GCC_C_LANGUAGE_STANDARD = gnu11;
				GCC_DYNAMIC_NO_PIC = NO;
				GCC_NO_COMMON_BLOCKS = YES;
				GCC_OPTIMIZATION_LEVEL = 0;
				GCC_PREPROCESSOR_DEFINITIONS = (
					"DEBUG=1",
					"$(inherited)",
				);
				GCC_WARN_64_TO_32_BIT_CONVERSION = YES;
				GCC_WARN_ABOUT_RETURN_TYPE = YES_ERROR;
				GCC_WARN_UNDECLARED_SELECTOR = YES;
				GCC_WARN_UNINITIALIZED_AUTOS = YES_AGGRESSIVE;
				GCC_WARN_UNUSED_FUNCTION = YES;
				GCC_WARN_UNUSED_VARIABLE = YES;
				MTL_ENABLE_DEBUG_INFO = INCLUDE_SOURCE;
				MTL_FAST_MATH = YES;
				ONLY_ACTIVE_ARCH = YES;
				SWIFT_ACTIVE_COMPILATION_CONDITIONS = DEBUG;
				SWIFT_OPTIMIZATION_LEVEL = "-Onone";
			};
			name = Debug;
		};
		B57D56492A46193900E455F8 /* Release */ = {
			isa = XCBuildConfiguration;
			buildSettings = {
				ALWAYS_SEARCH_USER_PATHS = NO;
				CLANG_ANALYZER_NONNULL = YES;
				CLANG_ANALYZER_NUMBER_OBJECT_CONVERSION = YES_AGGRESSIVE;
				CLANG_CXX_LANGUAGE_STANDARD = "gnu++20";
				CLANG_ENABLE_MODULES = YES;
				CLANG_ENABLE_OBJC_ARC = YES;
				CLANG_ENABLE_OBJC_WEAK = YES;
				CLANG_WARN_BLOCK_CAPTURE_AUTORELEASING = YES;
				CLANG_WARN_BOOL_CONVERSION = YES;
				CLANG_WARN_COMMA = YES;
				CLANG_WARN_CONSTANT_CONVERSION = YES;
				CLANG_WARN_DEPRECATED_OBJC_IMPLEMENTATIONS = YES;
				CLANG_WARN_DIRECT_OBJC_ISA_USAGE = YES_ERROR;
				CLANG_WARN_DOCUMENTATION_COMMENTS = YES;
				CLANG_WARN_EMPTY_BODY = YES;
				CLANG_WARN_ENUM_CONVERSION = YES;
				CLANG_WARN_INFINITE_RECURSION = YES;
				CLANG_WARN_INT_CONVERSION = YES;
				CLANG_WARN_NON_LITERAL_NULL_CONVERSION = YES;
				CLANG_WARN_OBJC_IMPLICIT_RETAIN_SELF = YES;
				CLANG_WARN_OBJC_LITERAL_CONVERSION = YES;
				CLANG_WARN_OBJC_ROOT_CLASS = YES_ERROR;
				CLANG_WARN_QUOTED_INCLUDE_IN_FRAMEWORK_HEADER = YES;
				CLANG_WARN_RANGE_LOOP_ANALYSIS = YES;
				CLANG_WARN_STRICT_PROTOTYPES = YES;
				CLANG_WARN_SUSPICIOUS_MOVE = YES;
				CLANG_WARN_UNGUARDED_AVAILABILITY = YES_AGGRESSIVE;
				CLANG_WARN_UNREACHABLE_CODE = YES;
				CLANG_WARN__DUPLICATE_METHOD_MATCH = YES;
				COPY_PHASE_STRIP = NO;
				DEBUG_INFORMATION_FORMAT = "dwarf-with-dsym";
				ENABLE_NS_ASSERTIONS = NO;
				ENABLE_STRICT_OBJC_MSGSEND = YES;
				GCC_C_LANGUAGE_STANDARD = gnu11;
				GCC_NO_COMMON_BLOCKS = YES;
				GCC_WARN_64_TO_32_BIT_CONVERSION = YES;
				GCC_WARN_ABOUT_RETURN_TYPE = YES_ERROR;
				GCC_WARN_UNDECLARED_SELECTOR = YES;
				GCC_WARN_UNINITIALIZED_AUTOS = YES_AGGRESSIVE;
				GCC_WARN_UNUSED_FUNCTION = YES;
				GCC_WARN_UNUSED_VARIABLE = YES;
				MTL_ENABLE_DEBUG_INFO = NO;
				MTL_FAST_MATH = YES;
				SWIFT_COMPILATION_MODE = wholemodule;
				SWIFT_OPTIMIZATION_LEVEL = "-O";
			};
			name = Release;
		};
		B57D564B2A46193900E455F8 /* Debug */ = {
			isa = XCBuildConfiguration;
			buildSettings = {
				ASSETCATALOG_COMPILER_APPICON_NAME = AppIcon;
				ASSETCATALOG_COMPILER_GLOBAL_ACCENT_COLOR_NAME = AccentColor;
				CODE_SIGN_ENTITLEMENTS = CookieClicker/CookieClicker.entitlements;
				CODE_SIGN_STYLE = Automatic;
				CURRENT_PROJECT_VERSION = 1;
				DEVELOPMENT_ASSET_PATHS = "\"CookieClicker/Preview Content\"";
				DEVELOPMENT_TEAM = M2778LX8X8;
				ENABLE_HARDENED_RUNTIME = YES;
				ENABLE_PREVIEWS = YES;
				GENERATE_INFOPLIST_FILE = YES;
				"INFOPLIST_KEY_UIApplicationSceneManifest_Generation[sdk=iphoneos*]" = YES;
				"INFOPLIST_KEY_UIApplicationSceneManifest_Generation[sdk=iphonesimulator*]" = YES;
				"INFOPLIST_KEY_UIApplicationSupportsIndirectInputEvents[sdk=iphoneos*]" = YES;
				"INFOPLIST_KEY_UIApplicationSupportsIndirectInputEvents[sdk=iphonesimulator*]" = YES;
				"INFOPLIST_KEY_UILaunchScreen_Generation[sdk=iphoneos*]" = YES;
				"INFOPLIST_KEY_UILaunchScreen_Generation[sdk=iphonesimulator*]" = YES;
				"INFOPLIST_KEY_UIStatusBarStyle[sdk=iphoneos*]" = UIStatusBarStyleDefault;
				"INFOPLIST_KEY_UIStatusBarStyle[sdk=iphonesimulator*]" = UIStatusBarStyleDefault;
				INFOPLIST_KEY_UISupportedInterfaceOrientations_iPad = "UIInterfaceOrientationPortrait UIInterfaceOrientationPortraitUpsideDown UIInterfaceOrientationLandscapeLeft UIInterfaceOrientationLandscapeRight";
				INFOPLIST_KEY_UISupportedInterfaceOrientations_iPhone = "UIInterfaceOrientationPortrait UIInterfaceOrientationLandscapeLeft UIInterfaceOrientationLandscapeRight";
				IPHONEOS_DEPLOYMENT_TARGET = 16.4;
				LD_RUNPATH_SEARCH_PATHS = "@executable_path/Frameworks";
				"LD_RUNPATH_SEARCH_PATHS[sdk=macosx*]" = "@executable_path/../Frameworks";
				MACOSX_DEPLOYMENT_TARGET = 13.3;
				MARKETING_VERSION = 1.0;
				PRODUCT_BUNDLE_IDENTIFIER = beginner.CookieClicker;
				PRODUCT_NAME = "$(TARGET_NAME)";
				SDKROOT = auto;
				SUPPORTED_PLATFORMS = "iphoneos iphonesimulator macosx";
				SWIFT_EMIT_LOC_STRINGS = YES;
				SWIFT_VERSION = 5.0;
				TARGETED_DEVICE_FAMILY = "1,2";
			};
			name = Debug;
		};
		B57D564C2A46193900E455F8 /* Release */ = {
			isa = XCBuildConfiguration;
			buildSettings = {
				ASSETCATALOG_COMPILER_APPICON_NAME = AppIcon;
				ASSETCATALOG_COMPILER_GLOBAL_ACCENT_COLOR_NAME = AccentColor;
				CODE_SIGN_ENTITLEMENTS = CookieClicker/CookieClicker.entitlements;
				CODE_SIGN_STYLE = Automatic;
				CURRENT_PROJECT_VERSION = 1;
				DEVELOPMENT_ASSET_PATHS = "\"CookieClicker/Preview Content\"";
				DEVELOPMENT_TEAM = M2778LX8X8;
				ENABLE_HARDENED_RUNTIME = YES;
				ENABLE_PREVIEWS = YES;
				GENERATE_INFOPLIST_FILE = YES;
				"INFOPLIST_KEY_UIApplicationSceneManifest_Generation[sdk=iphoneos*]" = YES;
				"INFOPLIST_KEY_UIApplicationSceneManifest_Generation[sdk=iphonesimulator*]" = YES;
				"INFOPLIST_KEY_UIApplicationSupportsIndirectInputEvents[sdk=iphoneos*]" = YES;
				"INFOPLIST_KEY_UIApplicationSupportsIndirectInputEvents[sdk=iphonesimulator*]" = YES;
				"INFOPLIST_KEY_UILaunchScreen_Generation[sdk=iphoneos*]" = YES;
				"INFOPLIST_KEY_UILaunchScreen_Generation[sdk=iphonesimulator*]" = YES;
				"INFOPLIST_KEY_UIStatusBarStyle[sdk=iphoneos*]" = UIStatusBarStyleDefault;
				"INFOPLIST_KEY_UIStatusBarStyle[sdk=iphonesimulator*]" = UIStatusBarStyleDefault;
				INFOPLIST_KEY_UISupportedInterfaceOrientations_iPad = "UIInterfaceOrientationPortrait UIInterfaceOrientationPortraitUpsideDown UIInterfaceOrientationLandscapeLeft UIInterfaceOrientationLandscapeRight";
				INFOPLIST_KEY_UISupportedInterfaceOrientations_iPhone = "UIInterfaceOrientationPortrait UIInterfaceOrientationLandscapeLeft UIInterfaceOrientationLandscapeRight";
				IPHONEOS_DEPLOYMENT_TARGET = 16.4;
				LD_RUNPATH_SEARCH_PATHS = "@executable_path/Frameworks";
				"LD_RUNPATH_SEARCH_PATHS[sdk=macosx*]" = "@executable_path/../Frameworks";
				MACOSX_DEPLOYMENT_TARGET = 13.3;
				MARKETING_VERSION = 1.0;
				PRODUCT_BUNDLE_IDENTIFIER = beginner.CookieClicker;
				PRODUCT_NAME = "$(TARGET_NAME)";
				SDKROOT = auto;
				SUPPORTED_PLATFORMS = "iphoneos iphonesimulator macosx";
				SWIFT_EMIT_LOC_STRINGS = YES;
				SWIFT_VERSION = 5.0;
				TARGETED_DEVICE_FAMILY = "1,2";
			};
			name = Release;
		};
		B57D564E2A46193900E455F8 /* Debug */ = {
			isa = XCBuildConfiguration;
			buildSettings = {
				ALWAYS_EMBED_SWIFT_STANDARD_LIBRARIES = YES;
				BUNDLE_LOADER = "$(TEST_HOST)";
				CODE_SIGN_STYLE = Automatic;
				CURRENT_PROJECT_VERSION = 1;
				DEVELOPMENT_TEAM = M2778LX8X8;
				GENERATE_INFOPLIST_FILE = YES;
				IPHONEOS_DEPLOYMENT_TARGET = 16.4;
				MACOSX_DEPLOYMENT_TARGET = 13.3;
				MARKETING_VERSION = 1.0;
				PRODUCT_BUNDLE_IDENTIFIER = beginner.CookieClickerTests;
				PRODUCT_NAME = "$(TARGET_NAME)";
				SDKROOT = auto;
				SUPPORTED_PLATFORMS = "iphoneos iphonesimulator macosx";
				SWIFT_EMIT_LOC_STRINGS = NO;
				SWIFT_VERSION = 5.0;
				TARGETED_DEVICE_FAMILY = "1,2";
				TEST_HOST = "$(BUILT_PRODUCTS_DIR)/CookieClicker.app/$(BUNDLE_EXECUTABLE_FOLDER_PATH)/CookieClicker";
			};
			name = Debug;
		};
		B57D564F2A46193900E455F8 /* Release */ = {
			isa = XCBuildConfiguration;
			buildSettings = {
				ALWAYS_EMBED_SWIFT_STANDARD_LIBRARIES = YES;
				BUNDLE_LOADER = "$(TEST_HOST)";
				CODE_SIGN_STYLE = Automatic;
				CURRENT_PROJECT_VERSION = 1;
				DEVELOPMENT_TEAM = M2778LX8X8;
				GENERATE_INFOPLIST_FILE = YES;
				IPHONEOS_DEPLOYMENT_TARGET = 16.4;
				MACOSX_DEPLOYMENT_TARGET = 13.3;
				MARKETING_VERSION = 1.0;
				PRODUCT_BUNDLE_IDENTIFIER = beginner.CookieClickerTests;
				PRODUCT_NAME = "$(TARGET_NAME)";
				SDKROOT = auto;
				SUPPORTED_PLATFORMS = "iphoneos iphonesimulator macosx";
				SWIFT_EMIT_LOC_STRINGS = NO;
				SWIFT_VERSION = 5.0;
				TARGETED_DEVICE_FAMILY = "1,2";
				TEST_HOST = "$(BUILT_PRODUCTS_DIR)/CookieClicker.app/$(BUNDLE_EXECUTABLE_FOLDER_PATH)/CookieClicker";
			};
			name = Release;
		};
		B57D56512A46193900E455F8 /* Debug */ = {
			isa = XCBuildConfiguration;
			buildSettings = {
				ALWAYS_EMBED_SWIFT_STANDARD_LIBRARIES = YES;
				CODE_SIGN_STYLE = Automatic;
				CURRENT_PROJECT_VERSION = 1;
				DEVELOPMENT_TEAM = M2778LX8X8;
				GENERATE_INFOPLIST_FILE = YES;
				IPHONEOS_DEPLOYMENT_TARGET = 16.4;
				MACOSX_DEPLOYMENT_TARGET = 13.3;
				MARKETING_VERSION = 1.0;
				PRODUCT_BUNDLE_IDENTIFIER = beginner.CookieClickerUITests;
				PRODUCT_NAME = "$(TARGET_NAME)";
				SDKROOT = auto;
				SUPPORTED_PLATFORMS = "iphoneos iphonesimulator macosx";
				SWIFT_EMIT_LOC_STRINGS = NO;
				SWIFT_VERSION = 5.0;
				TARGETED_DEVICE_FAMILY = "1,2";
				TEST_TARGET_NAME = CookieClicker;
			};
			name = Debug;
		};
		B57D56522A46193900E455F8 /* Release */ = {
			isa = XCBuildConfiguration;
			buildSettings = {
				ALWAYS_EMBED_SWIFT_STANDARD_LIBRARIES = YES;
				CODE_SIGN_STYLE = Automatic;
				CURRENT_PROJECT_VERSION = 1;
				DEVELOPMENT_TEAM = M2778LX8X8;
				GENERATE_INFOPLIST_FILE = YES;
				IPHONEOS_DEPLOYMENT_TARGET = 16.4;
				MACOSX_DEPLOYMENT_TARGET = 13.3;
				MARKETING_VERSION = 1.0;
				PRODUCT_BUNDLE_IDENTIFIER = beginner.CookieClickerUITests;
				PRODUCT_NAME = "$(TARGET_NAME)";
				SDKROOT = auto;
				SUPPORTED_PLATFORMS = "iphoneos iphonesimulator macosx";
				SWIFT_EMIT_LOC_STRINGS = NO;
				SWIFT_VERSION = 5.0;
				TARGETED_DEVICE_FAMILY = "1,2";
				TEST_TARGET_NAME = CookieClicker;
			};
			name = Release;
		};
/* End XCBuildConfiguration section */

/* Begin XCConfigurationList section */
		B57D56202A46193700E455F8 /* Build configuration list for PBXProject "CookieClicker" */ = {
			isa = XCConfigurationList;
			buildConfigurations = (
				B57D56482A46193900E455F8 /* Debug */,
				B57D56492A46193900E455F8 /* Release */,
			);
			defaultConfigurationIsVisible = 0;
			defaultConfigurationName = Release;
		};
		B57D564A2A46193900E455F8 /* Build configuration list for PBXNativeTarget "CookieClicker" */ = {
			isa = XCConfigurationList;
			buildConfigurations = (
				B57D564B2A46193900E455F8 /* Debug */,
				B57D564C2A46193900E455F8 /* Release */,
			);
			defaultConfigurationIsVisible = 0;
			defaultConfigurationName = Release;
		};
		B57D564D2A46193900E455F8 /* Build configuration list for PBXNativeTarget "CookieClickerTests" */ = {
			isa = XCConfigurationList;
			buildConfigurations = (
				B57D564E2A46193900E455F8 /* Debug */,
				B57D564F2A46193900E455F8 /* Release */,
			);
			defaultConfigurationIsVisible = 0;
			defaultConfigurationName = Release;
		};
		B57D56502A46193900E455F8 /* Build configuration list for PBXNativeTarget "CookieClickerUITests" */ = {
			isa = XCConfigurationList;
			buildConfigurations = (
				B57D56512A46193900E455F8 /* Debug */,
				B57D56522A46193900E455F8 /* Release */,
			);
			defaultConfigurationIsVisible = 0;
			defaultConfigurationName = Release;
		};
/* End XCConfigurationList section */
	};
	rootObject = B57D561D2A46193700E455F8 /* Project object */;
}
